{
  "nodes": {
    "nixpkgs": {
      "locked": {
        "lastModified": 1684139381,
        "narHash": "sha256-YPLMeYE+UzxxP0qbkBzv3RBDvyGR5I4d7v2n8dI3+fY=",
        "path": "/nix/store/p9d8s9hrz8q83d26jj76jd7z9zhcbxqk-source",
        "rev": "17a689596b72d1906883484838eb1aaf51ab8001",
        "type": "path"
      },
      "original": {
        "id": "nixpkgs",
        "type": "indirect"
      }
    },
    "root": {
      "inputs": {
        "nixpkgs": "nixpkgs"
      }
    }
  },
  "root": "root",
  "version": 7
}
